
Microsoft Visual Studio Solution File, Format Version 12.00
# Visual Studio Version 17
VisualStudioVersion = 17.0.31717.71
MinimumVisualStudioVersion = 10.0.40219.1
Project("{9A19103F-16F7-4668-BE54-9A1E7A4F7556}") = "KidsFair", "KidsFair.csproj", "{07F28280-8D68-4998-89F0-326241DAB25E}"
EndProject
Project("{FAE04EC0-301F-11D3-BF4B-00C04F79EFBC}") = "Part 2 for grades A and B", "..\Part 2 for grades A and B\Part 2 for grades A and B.csproj", "{71E127FF-6C92-4606-8318-D3E48232C3D8}"
EndProject
Global
	GlobalSection(SolutionConfigurationPlatforms) = preSolution
		Debug|Any CPU = Debug|Any CPU
		Debug|x64 = Debug|x64
		Release|Any CPU = Release|Any CPU
		Release|x64 = Release|x64
	EndGlobalSection
	GlobalSection(ProjectConfigurationPlatforms) = postSolution
		{07F28280-8D68-4998-89F0-326241DAB25E}.Debug|Any CPU.ActiveCfg = Debug|Any CPU
		{07F28280-8D68-4998-89F0-326241DAB25E}.Debug|Any CPU.Build.0 = Debug|Any CPU
		{07F28280-8D68-4998-89F0-326241DAB25E}.Debug|x64.ActiveCfg = Debug|x64
		{07F28280-8D68-4998-89F0-326241DAB25E}.Debug|x64.Build.0 = Debug|x64
		{07F28280-8D68-4998-89F0-326241DAB25E}.Release|Any CPU.ActiveCfg = Release|Any CPU
		{07F28280-8D68-4998-89F0-326241DAB25E}.Release|Any CPU.Build.0 = Release|Any CPU
		{07F28280-8D68-4998-89F0-326241DAB25E}.Release|x64.ActiveCfg = Release|x64
		{07F28280-8D68-4998-89F0-326241DAB25E}.Release|x64.Build.0 = Release|x64
		{71E127FF-6C92-4606-8318-D3E48232C3D8}.Debug|Any CPU.ActiveCfg = Debug|Any CPU
		{71E127FF-6C92-4606-8318-D3E48232C3D8}.Debug|Any CPU.Build.0 = Debug|Any CPU
		{71E127FF-6C92-4606-8318-D3E48232C3D8}.Debug|x64.ActiveCfg = Debug|Any CPU
		{71E127FF-6C92-4606-8318-D3E48232C3D8}.Debug|x64.Build.0 = Debug|Any CPU
		{71E127FF-6C92-4606-8318-D3E48232C3D8}.Release|Any CPU.ActiveCfg = Release|Any CPU
		{71E127FF-6C92-4606-8318-D3E48232C3D8}.Release|Any CPU.Build.0 = Release|Any CPU
		{71E127FF-6C92-4606-8318-D3E48232C3D8}.Release|x64.ActiveCfg = Release|Any CPU
		{71E127FF-6C92-4606-8318-D3E48232C3D8}.Release|x64.Build.0 = Release|Any CPU
	EndGlobalSection
	GlobalSection(SolutionProperties) = preSolution
		HideSolutionNode = FALSE
	EndGlobalSection
	GlobalSection(ExtensibilityGlobals) = postSolution
		SolutionGuid = {CA55A5D2-FB96-42A8-ACBA-29B2D962494A}
	EndGlobalSection
EndGlobal
